lockfileVersion: '9.0'

settings:
  autoInstallPeers: true
  excludeLinksFromLockfile: false

importers:

  .:
    dependencies:
      tapable:
        specifier: ^2.2.2
        version: 2.2.2

packages:

  tapable@2.2.2:
    resolution: {integrity: sha512-Re10+NauLTMCudc7T5WLFLAwDhQ0JWdrMK+9B2M8zR5hRExKmsRDCBA7/aV/pNJFltmBFO5BAMlQFi/vq3nKOg==}
    engines: {node: '>=6'}

snapshots:

  tapable@2.2.2: {}
